
Microsoft Visual Studio Solution File, Format Version 12.00
# Visual Studio Version 17
VisualStudioVersion = 17.1.32210.238
MinimumVisualStudioVersion = 10.0.40219.1
Project("{9A19103F-16F7-4668-BE54-9A1E7A4F7556}") = "IoTBay", "IoTBay.csproj", "{5769AA7B-18A2-4BC7-B599-2EF26E4D7E2B}"
EndProject
Project("{E53339B2-1760-4266-BCC7-CA923CBCF16C}") = "docker-compose", "docker-compose.dcproj", "{E28B8C4B-3D13-42EF-9482-0463D5F8E61D}"
EndProject
Project("{2150E333-8FDC-42A3-9474-1A3956D46DE8}") = "Solution Items", "Solution Items", "{B80145D1-2DC6-4D1F-9FCA-0A08D147446C}"
	ProjectSection(SolutionItems) = preProject
		README.md = README.md
	EndProjectSection
EndProject
Global
	GlobalSection(SolutionConfigurationPlatforms) = preSolution
		Debug|Any CPU = Debug|Any CPU
		Release|Any CPU = Release|Any CPU
	EndGlobalSection
	GlobalSection(ProjectConfigurationPlatforms) = postSolution
		{5769AA7B-18A2-4BC7-B599-2EF26E4D7E2B}.Debug|Any CPU.ActiveCfg = Debug|Any CPU
		{5769AA7B-18A2-4BC7-B599-2EF26E4D7E2B}.Debug|Any CPU.Build.0 = Debug|Any CPU
		{5769AA7B-18A2-4BC7-B599-2EF26E4D7E2B}.Release|Any CPU.ActiveCfg = Release|Any CPU
		{5769AA7B-18A2-4BC7-B599-2EF26E4D7E2B}.Release|Any CPU.Build.0 = Release|Any CPU
		{E28B8C4B-3D13-42EF-9482-0463D5F8E61D}.Debug|Any CPU.ActiveCfg = Debug|Any CPU
		{E28B8C4B-3D13-42EF-9482-0463D5F8E61D}.Debug|Any CPU.Build.0 = Debug|Any CPU
		{E28B8C4B-3D13-42EF-9482-0463D5F8E61D}.Release|Any CPU.ActiveCfg = Release|Any CPU
		{E28B8C4B-3D13-42EF-9482-0463D5F8E61D}.Release|Any CPU.Build.0 = Release|Any CPU
	EndGlobalSection
	GlobalSection(SolutionProperties) = preSolution
		HideSolutionNode = FALSE
	EndGlobalSection
	GlobalSection(ExtensibilityGlobals) = postSolution
		SolutionGuid = {1E1D4FD7-9067-4CC4-9BD7-3EED1AFFD462}
	EndGlobalSection
EndGlobal
